
Microsoft Visual Studio Solution File, Format Version 12.00
# Visual Studio Version 16
VisualStudioVersion = 16.0.31911.196
MinimumVisualStudioVersion = 10.0.40219.1
Project("{8BC9CEB8-8B4A-11D0-8D11-00A0C91BC942}") = "CayNhiPhanTimKiem", "CayNhiPhanTimKiem\CayNhiPhanTimKiem.vcxproj", "{B6863C8A-3985-41D6-8926-6FB8F8CE8917}"
EndProject
Project("{8BC9CEB8-8B4A-11D0-8D11-00A0C91BC942}") = "CayNhiPhanTuCanBang", "CayNhiPhanTuCanBang\CayNhiPhanTuCanBang.vcxproj", "{9803F534-99EA-4942-9057-747AD9B170E9}"
EndProject
Global
	GlobalSection(SolutionConfigurationPlatforms) = preSolution
		Debug|x64 = Debug|x64
		Debug|x86 = Debug|x86
		Release|x64 = Release|x64
		Release|x86 = Release|x86
	EndGlobalSection
	GlobalSection(ProjectConfigurationPlatforms) = postSolution
		{B6863C8A-3985-41D6-8926-6FB8F8CE8917}.Debug|x64.ActiveCfg = Debug|x64
		{B6863C8A-3985-41D6-8926-6FB8F8CE8917}.Debug|x64.Build.0 = Debug|x64
		{B6863C8A-3985-41D6-8926-6FB8F8CE8917}.Debug|x86.ActiveCfg = Debug|Win32
		{B6863C8A-3985-41D6-8926-6FB8F8CE8917}.Debug|x86.Build.0 = Debug|Win32
		{B6863C8A-3985-41D6-8926-6FB8F8CE8917}.Release|x64.ActiveCfg = Release|x64
		{B6863C8A-3985-41D6-8926-6FB8F8CE8917}.Release|x64.Build.0 = Release|x64
		{B6863C8A-3985-41D6-8926-6FB8F8CE8917}.Release|x86.ActiveCfg = Release|Win32
		{B6863C8A-3985-41D6-8926-6FB8F8CE8917}.Release|x86.Build.0 = Release|Win32
		{9803F534-99EA-4942-9057-747AD9B170E9}.Debug|x64.ActiveCfg = Debug|x64
		{9803F534-99EA-4942-9057-747AD9B170E9}.Debug|x64.Build.0 = Debug|x64
		{9803F534-99EA-4942-9057-747AD9B170E9}.Debug|x86.ActiveCfg = Debug|Win32
		{9803F534-99EA-4942-9057-747AD9B170E9}.Debug|x86.Build.0 = Debug|Win32
		{9803F534-99EA-4942-9057-747AD9B170E9}.Release|x64.ActiveCfg = Release|x64
		{9803F534-99EA-4942-9057-747AD9B170E9}.Release|x64.Build.0 = Release|x64
		{9803F534-99EA-4942-9057-747AD9B170E9}.Release|x86.ActiveCfg = Release|Win32
		{9803F534-99EA-4942-9057-747AD9B170E9}.Release|x86.Build.0 = Release|Win32
	EndGlobalSection
	GlobalSection(SolutionProperties) = preSolution
		HideSolutionNode = FALSE
	EndGlobalSection
	GlobalSection(ExtensibilityGlobals) = postSolution
		SolutionGuid = {672DB117-169D-452E-8F4D-21D727F4A30C}
	EndGlobalSection
EndGlobal
